
Microsoft Visual Studio Solution File, Format Version 12.00
# Visual Studio Express 2012 for Windows Desktop
Project("{F184B08F-C81C-45F6-A57F-5ABD9991F28F}") = "SimpleProgram", "SimpleProgram\SimpleProgram.vbproj", "{4443C6CB-D63C-4F04-B069-CBFB5B3CF3AB}"
EndProject
Global
	GlobalSection(SolutionConfigurationPlatforms) = preSolution
		Debug|Any CPU = Debug|Any CPU
		Release|Any CPU = Release|Any CPU
	EndGlobalSection
	GlobalSection(ProjectConfigurationPlatforms) = postSolution
		{4443C6CB-D63C-4F04-B069-CBFB5B3CF3AB}.Debug|Any CPU.ActiveCfg = Debug|Any CPU
		{4443C6CB-D63C-4F04-B069-CBFB5B3CF3AB}.Debug|Any CPU.Build.0 = Debug|Any CPU
		{4443C6CB-D63C-4F04-B069-CBFB5B3CF3AB}.Release|Any CPU.ActiveCfg = Release|Any CPU
		{4443C6CB-D63C-4F04-B069-CBFB5B3CF3AB}.Release|Any CPU.Build.0 = Release|Any CPU
	EndGlobalSection
	GlobalSection(SolutionProperties) = preSolution
		HideSolutionNode = FALSE
	EndGlobalSection
EndGlobal
